
Microsoft Visual Studio Solution File, Format Version 12.00
# Visual Studio Version 17
VisualStudioVersion = 17.10.35013.160
MinimumVisualStudioVersion = 10.0.40219.1
Project("{FAE04EC0-301F-11D3-BF4B-00C04F79EFBC}") = "ArraysDemo", "ArraysDemo\ArraysDemo.csproj", "{5B0434E3-1289-4060-8FB1-464686E55CE1}"
EndProject
Project("{FAE04EC0-301F-11D3-BF4B-00C04F79EFBC}") = "CollectionsDemo", "CollectionsDemo\CollectionsDemo.csproj", "{48711CAD-A980-416E-97FC-824206CFE0D9}"
EndProject
Global
	GlobalSection(SolutionConfigurationPlatforms) = preSolution
		Debug|Any CPU = Debug|Any CPU
		Release|Any CPU = Release|Any CPU
	EndGlobalSection
	GlobalSection(ProjectConfigurationPlatforms) = postSolution
		{5B0434E3-1289-4060-8FB1-464686E55CE1}.Debug|Any CPU.ActiveCfg = Debug|Any CPU
		{5B0434E3-1289-4060-8FB1-464686E55CE1}.Debug|Any CPU.Build.0 = Debug|Any CPU
		{5B0434E3-1289-4060-8FB1-464686E55CE1}.Release|Any CPU.ActiveCfg = Release|Any CPU
		{5B0434E3-1289-4060-8FB1-464686E55CE1}.Release|Any CPU.Build.0 = Release|Any CPU
		{48711CAD-A980-416E-97FC-824206CFE0D9}.Debug|Any CPU.ActiveCfg = Debug|Any CPU
		{48711CAD-A980-416E-97FC-824206CFE0D9}.Debug|Any CPU.Build.0 = Debug|Any CPU
		{48711CAD-A980-416E-97FC-824206CFE0D9}.Release|Any CPU.ActiveCfg = Release|Any CPU
		{48711CAD-A980-416E-97FC-824206CFE0D9}.Release|Any CPU.Build.0 = Release|Any CPU
	EndGlobalSection
	GlobalSection(SolutionProperties) = preSolution
		HideSolutionNode = FALSE
	EndGlobalSection
	GlobalSection(ExtensibilityGlobals) = postSolution
		SolutionGuid = {3DBF59A9-6BBD-4A6B-ACEE-9492735C00BE}
	EndGlobalSection
EndGlobal
